
Microsoft Visual Studio Solution File, Format Version 12.00
# Visual Studio 15
VisualStudioVersion = 15.0.27004.2005
MinimumVisualStudioVersion = 10.0.40219.1
Project("{FAE04EC0-301F-11D3-BF4B-00C04F79EFBC}") = "GameOfCraps C", "GameOfCraps C\GameOfCraps C.csproj", "{FAC8BC92-C29F-4F64-95F0-E42835891DBA}"
EndProject
Global
	GlobalSection(SolutionConfigurationPlatforms) = preSolution
		Debug|Any CPU = Debug|Any CPU
		Release|Any CPU = Release|Any CPU
	EndGlobalSection
	GlobalSection(ProjectConfigurationPlatforms) = postSolution
		{FAC8BC92-C29F-4F64-95F0-E42835891DBA}.Debug|Any CPU.ActiveCfg = Debug|Any CPU
		{FAC8BC92-C29F-4F64-95F0-E42835891DBA}.Debug|Any CPU.Build.0 = Debug|Any CPU
		{FAC8BC92-C29F-4F64-95F0-E42835891DBA}.Release|Any CPU.ActiveCfg = Release|Any CPU
		{FAC8BC92-C29F-4F64-95F0-E42835891DBA}.Release|Any CPU.Build.0 = Release|Any CPU
	EndGlobalSection
	GlobalSection(SolutionProperties) = preSolution
		HideSolutionNode = FALSE
	EndGlobalSection
	GlobalSection(ExtensibilityGlobals) = postSolution
		SolutionGuid = {09D7A51B-DEDB-490A-8BDF-DB71C29E1AFC}
	EndGlobalSection
EndGlobal
