
Microsoft Visual Studio Solution File, Format Version 12.00
# Visual Studio 15
VisualStudioVersion = 15.0.26430.14
MinimumVisualStudioVersion = 10.0.40219.1
Project("{FAE04EC0-301F-11D3-BF4B-00C04F79EFBC}") = "Simple Array Class", "Simple Array Class\Simple Array Class.csproj", "{72B38004-DAE5-4998-AB4D-7CDC2EAF165A}"
EndProject
Global
	GlobalSection(SolutionConfigurationPlatforms) = preSolution
		Debug|Any CPU = Debug|Any CPU
		Release|Any CPU = Release|Any CPU
	EndGlobalSection
	GlobalSection(ProjectConfigurationPlatforms) = postSolution
		{72B38004-DAE5-4998-AB4D-7CDC2EAF165A}.Debug|Any CPU.ActiveCfg = Debug|Any CPU
		{72B38004-DAE5-4998-AB4D-7CDC2EAF165A}.Debug|Any CPU.Build.0 = Debug|Any CPU
		{72B38004-DAE5-4998-AB4D-7CDC2EAF165A}.Release|Any CPU.ActiveCfg = Release|Any CPU
		{72B38004-DAE5-4998-AB4D-7CDC2EAF165A}.Release|Any CPU.Build.0 = Release|Any CPU
	EndGlobalSection
	GlobalSection(SolutionProperties) = preSolution
		HideSolutionNode = FALSE
	EndGlobalSection
EndGlobal
